
Microsoft Visual Studio Solution File, Format Version 12.00
# Visual Studio Version 17
VisualStudioVersion = 17.7.34018.315
MinimumVisualStudioVersion = 10.0.40219.1
Project("{FAE04EC0-301F-11D3-BF4B-00C04F79EFBC}") = "Authorization", "Authorization.csproj", "{D15AB39D-6D3D-47AD-9329-9653A8834B38}"
EndProject
Global
	GlobalSection(SolutionConfigurationPlatforms) = preSolution
		Debug|Any CPU = Debug|Any CPU
		Release|Any CPU = Release|Any CPU
	EndGlobalSection
	GlobalSection(ProjectConfigurationPlatforms) = postSolution
		{D15AB39D-6D3D-47AD-9329-9653A8834B38}.Debug|Any CPU.ActiveCfg = Debug|Any CPU
		{D15AB39D-6D3D-47AD-9329-9653A8834B38}.Debug|Any CPU.Build.0 = Debug|Any CPU
		{D15AB39D-6D3D-47AD-9329-9653A8834B38}.Release|Any CPU.ActiveCfg = Release|Any CPU
		{D15AB39D-6D3D-47AD-9329-9653A8834B38}.Release|Any CPU.Build.0 = Release|Any CPU
	EndGlobalSection
	GlobalSection(SolutionProperties) = preSolution
		HideSolutionNode = FALSE
	EndGlobalSection
	GlobalSection(ExtensibilityGlobals) = postSolution
		SolutionGuid = {9CA540CE-C213-427C-AAD4-F3BD5FBFE79D}
	EndGlobalSection
EndGlobal
